
Microsoft Visual Studio Solution File, Format Version 12.00
# Visual Studio Version 16
VisualStudioVersion = 16.0.29613.14
MinimumVisualStudioVersion = 10.0.40219.1
Project("{9A19103F-16F7-4668-BE54-9A1E7A4F7556}") = "LongestSubstring", "LongestSubstring\LongestSubstring.csproj", "{E6CE6F2B-966B-4FF4-957C-933D5528EA64}"
EndProject
Project("{9A19103F-16F7-4668-BE54-9A1E7A4F7556}") = "LongestPalindromicSubstring", "LongestPalindromicSubstring\LongestPalindromicSubstring.csproj", "{C53CE278-99E7-4F42-9E9D-7D90B0B3B63D}"
EndProject
Project("{9A19103F-16F7-4668-BE54-9A1E7A4F7556}") = "ZigZagConversion", "ZigZagConversion\ZigZagConversion.csproj", "{8288D881-C0E2-4E92-8042-9A8A465DC137}"
EndProject
Project("{9A19103F-16F7-4668-BE54-9A1E7A4F7556}") = "StringToInteger", "StringToInteger\StringToInteger.csproj", "{724D254C-BF54-4521-ABE9-D104F35672A1}"
EndProject
Project("{9A19103F-16F7-4668-BE54-9A1E7A4F7556}") = "ContainerWithMostWater", "ContainerWithMostWater\ContainerWithMostWater.csproj", "{94C1AC0E-B088-4C66-998A-8376F88C3DE7}"
EndProject
Project("{9A19103F-16F7-4668-BE54-9A1E7A4F7556}") = "3SUM", "3SUM\3SUM.csproj", "{C32C86D1-6B39-4CC2-859B-4D0D3433C45A}"
EndProject
Project("{8BC9CEB8-8B4A-11D0-8D11-00A0C91BC942}") = "LetterCombinations", "LetterCombinations\LetterCombinations.vcxproj", "{615B44E1-A490-4BD1-A0EE-9D24A27597FC}"
EndProject
Project("{8BC9CEB8-8B4A-11D0-8D11-00A0C91BC942}") = "RemoveNthNode", "RemoveNthNode\RemoveNthNode.vcxproj", "{266E8CD3-9D9C-4CD0-80B3-899B4BADCD9A}"
EndProject
Global
	GlobalSection(SolutionConfigurationPlatforms) = preSolution
		Debug|Any CPU = Debug|Any CPU
		Debug|x64 = Debug|x64
		Debug|x86 = Debug|x86
		Release|Any CPU = Release|Any CPU
		Release|x64 = Release|x64
		Release|x86 = Release|x86
	EndGlobalSection
	GlobalSection(ProjectConfigurationPlatforms) = postSolution
		{E6CE6F2B-966B-4FF4-957C-933D5528EA64}.Debug|Any CPU.ActiveCfg = Debug|Any CPU
		{E6CE6F2B-966B-4FF4-957C-933D5528EA64}.Debug|Any CPU.Build.0 = Debug|Any CPU
		{E6CE6F2B-966B-4FF4-957C-933D5528EA64}.Debug|x64.ActiveCfg = Debug|Any CPU
		{E6CE6F2B-966B-4FF4-957C-933D5528EA64}.Debug|x64.Build.0 = Debug|Any CPU
		{E6CE6F2B-966B-4FF4-957C-933D5528EA64}.Debug|x86.ActiveCfg = Debug|Any CPU
		{E6CE6F2B-966B-4FF4-957C-933D5528EA64}.Debug|x86.Build.0 = Debug|Any CPU
		{E6CE6F2B-966B-4FF4-957C-933D5528EA64}.Release|Any CPU.ActiveCfg = Release|Any CPU
		{E6CE6F2B-966B-4FF4-957C-933D5528EA64}.Release|Any CPU.Build.0 = Release|Any CPU
		{E6CE6F2B-966B-4FF4-957C-933D5528EA64}.Release|x64.ActiveCfg = Release|Any CPU
		{E6CE6F2B-966B-4FF4-957C-933D5528EA64}.Release|x64.Build.0 = Release|Any CPU
		{E6CE6F2B-966B-4FF4-957C-933D5528EA64}.Release|x86.ActiveCfg = Release|Any CPU
		{E6CE6F2B-966B-4FF4-957C-933D5528EA64}.Release|x86.Build.0 = Release|Any CPU
		{C53CE278-99E7-4F42-9E9D-7D90B0B3B63D}.Debug|Any CPU.ActiveCfg = Debug|Any CPU
		{C53CE278-99E7-4F42-9E9D-7D90B0B3B63D}.Debug|Any CPU.Build.0 = Debug|Any CPU
		{C53CE278-99E7-4F42-9E9D-7D90B0B3B63D}.Debug|x64.ActiveCfg = Debug|Any CPU
		{C53CE278-99E7-4F42-9E9D-7D90B0B3B63D}.Debug|x64.Build.0 = Debug|Any CPU
		{C53CE278-99E7-4F42-9E9D-7D90B0B3B63D}.Debug|x86.ActiveCfg = Debug|Any CPU
		{C53CE278-99E7-4F42-9E9D-7D90B0B3B63D}.Debug|x86.Build.0 = Debug|Any CPU
		{C53CE278-99E7-4F42-9E9D-7D90B0B3B63D}.Release|Any CPU.ActiveCfg = Release|Any CPU
		{C53CE278-99E7-4F42-9E9D-7D90B0B3B63D}.Release|Any CPU.Build.0 = Release|Any CPU
		{C53CE278-99E7-4F42-9E9D-7D90B0B3B63D}.Release|x64.ActiveCfg = Release|Any CPU
		{C53CE278-99E7-4F42-9E9D-7D90B0B3B63D}.Release|x64.Build.0 = Release|Any CPU
		{C53CE278-99E7-4F42-9E9D-7D90B0B3B63D}.Release|x86.ActiveCfg = Release|Any CPU
		{C53CE278-99E7-4F42-9E9D-7D90B0B3B63D}.Release|x86.Build.0 = Release|Any CPU
		{8288D881-C0E2-4E92-8042-9A8A465DC137}.Debug|Any CPU.ActiveCfg = Debug|Any CPU
		{8288D881-C0E2-4E92-8042-9A8A465DC137}.Debug|Any CPU.Build.0 = Debug|Any CPU
		{8288D881-C0E2-4E92-8042-9A8A465DC137}.Debug|x64.ActiveCfg = Debug|Any CPU
		{8288D881-C0E2-4E92-8042-9A8A465DC137}.Debug|x64.Build.0 = Debug|Any CPU
		{8288D881-C0E2-4E92-8042-9A8A465DC137}.Debug|x86.ActiveCfg = Debug|Any CPU
		{8288D881-C0E2-4E92-8042-9A8A465DC137}.Debug|x86.Build.0 = Debug|Any CPU
		{8288D881-C0E2-4E92-8042-9A8A465DC137}.Release|Any CPU.ActiveCfg = Release|Any CPU
		{8288D881-C0E2-4E92-8042-9A8A465DC137}.Release|Any CPU.Build.0 = Release|Any CPU
		{8288D881-C0E2-4E92-8042-9A8A465DC137}.Release|x64.ActiveCfg = Release|Any CPU
		{8288D881-C0E2-4E92-8042-9A8A465DC137}.Release|x64.Build.0 = Release|Any CPU
		{8288D881-C0E2-4E92-8042-9A8A465DC137}.Release|x86.ActiveCfg = Release|Any CPU
		{8288D881-C0E2-4E92-8042-9A8A465DC137}.Release|x86.Build.0 = Release|Any CPU
		{724D254C-BF54-4521-ABE9-D104F35672A1}.Debug|Any CPU.ActiveCfg = Debug|Any CPU
		{724D254C-BF54-4521-ABE9-D104F35672A1}.Debug|Any CPU.Build.0 = Debug|Any CPU
		{724D254C-BF54-4521-ABE9-D104F35672A1}.Debug|x64.ActiveCfg = Debug|Any CPU
		{724D254C-BF54-4521-ABE9-D104F35672A1}.Debug|x64.Build.0 = Debug|Any CPU
		{724D254C-BF54-4521-ABE9-D104F35672A1}.Debug|x86.ActiveCfg = Debug|Any CPU
		{724D254C-BF54-4521-ABE9-D104F35672A1}.Debug|x86.Build.0 = Debug|Any CPU
		{724D254C-BF54-4521-ABE9-D104F35672A1}.Release|Any CPU.ActiveCfg = Release|Any CPU
		{724D254C-BF54-4521-ABE9-D104F35672A1}.Release|Any CPU.Build.0 = Release|Any CPU
		{724D254C-BF54-4521-ABE9-D104F35672A1}.Release|x64.ActiveCfg = Release|Any CPU
		{724D254C-BF54-4521-ABE9-D104F35672A1}.Release|x64.Build.0 = Release|Any CPU
		{724D254C-BF54-4521-ABE9-D104F35672A1}.Release|x86.ActiveCfg = Release|Any CPU
		{724D254C-BF54-4521-ABE9-D104F35672A1}.Release|x86.Build.0 = Release|Any CPU
		{94C1AC0E-B088-4C66-998A-8376F88C3DE7}.Debug|Any CPU.ActiveCfg = Debug|Any CPU
		{94C1AC0E-B088-4C66-998A-8376F88C3DE7}.Debug|Any CPU.Build.0 = Debug|Any CPU
		{94C1AC0E-B088-4C66-998A-8376F88C3DE7}.Debug|x64.ActiveCfg = Debug|Any CPU
		{94C1AC0E-B088-4C66-998A-8376F88C3DE7}.Debug|x64.Build.0 = Debug|Any CPU
		{94C1AC0E-B088-4C66-998A-8376F88C3DE7}.Debug|x86.ActiveCfg = Debug|Any CPU
		{94C1AC0E-B088-4C66-998A-8376F88C3DE7}.Debug|x86.Build.0 = Debug|Any CPU
		{94C1AC0E-B088-4C66-998A-8376F88C3DE7}.Release|Any CPU.ActiveCfg = Release|Any CPU
		{94C1AC0E-B088-4C66-998A-8376F88C3DE7}.Release|Any CPU.Build.0 = Release|Any CPU
		{94C1AC0E-B088-4C66-998A-8376F88C3DE7}.Release|x64.ActiveCfg = Release|Any CPU
		{94C1AC0E-B088-4C66-998A-8376F88C3DE7}.Release|x64.Build.0 = Release|Any CPU
		{94C1AC0E-B088-4C66-998A-8376F88C3DE7}.Release|x86.ActiveCfg = Release|Any CPU
		{94C1AC0E-B088-4C66-998A-8376F88C3DE7}.Release|x86.Build.0 = Release|Any CPU
		{C32C86D1-6B39-4CC2-859B-4D0D3433C45A}.Debug|Any CPU.ActiveCfg = Debug|Any CPU
		{C32C86D1-6B39-4CC2-859B-4D0D3433C45A}.Debug|Any CPU.Build.0 = Debug|Any CPU
		{C32C86D1-6B39-4CC2-859B-4D0D3433C45A}.Debug|x64.ActiveCfg = Debug|Any CPU
		{C32C86D1-6B39-4CC2-859B-4D0D3433C45A}.Debug|x64.Build.0 = Debug|Any CPU
		{C32C86D1-6B39-4CC2-859B-4D0D3433C45A}.Debug|x86.ActiveCfg = Debug|Any CPU
		{C32C86D1-6B39-4CC2-859B-4D0D3433C45A}.Debug|x86.Build.0 = Debug|Any CPU
		{C32C86D1-6B39-4CC2-859B-4D0D3433C45A}.Release|Any CPU.ActiveCfg = Release|Any CPU
		{C32C86D1-6B39-4CC2-859B-4D0D3433C45A}.Release|Any CPU.Build.0 = Release|Any CPU
		{C32C86D1-6B39-4CC2-859B-4D0D3433C45A}.Release|x64.ActiveCfg = Release|Any CPU
		{C32C86D1-6B39-4CC2-859B-4D0D3433C45A}.Release|x64.Build.0 = Release|Any CPU
		{C32C86D1-6B39-4CC2-859B-4D0D3433C45A}.Release|x86.ActiveCfg = Release|Any CPU
		{C32C86D1-6B39-4CC2-859B-4D0D3433C45A}.Release|x86.Build.0 = Release|Any CPU
		{615B44E1-A490-4BD1-A0EE-9D24A27597FC}.Debug|Any CPU.ActiveCfg = Debug|Win32
		{615B44E1-A490-4BD1-A0EE-9D24A27597FC}.Debug|x64.ActiveCfg = Debug|x64
		{615B44E1-A490-4BD1-A0EE-9D24A27597FC}.Debug|x64.Build.0 = Debug|x64
		{615B44E1-A490-4BD1-A0EE-9D24A27597FC}.Debug|x86.ActiveCfg = Debug|Win32
		{615B44E1-A490-4BD1-A0EE-9D24A27597FC}.Debug|x86.Build.0 = Debug|Win32
		{615B44E1-A490-4BD1-A0EE-9D24A27597FC}.Release|Any CPU.ActiveCfg = Release|Win32
		{615B44E1-A490-4BD1-A0EE-9D24A27597FC}.Release|x64.ActiveCfg = Release|x64
		{615B44E1-A490-4BD1-A0EE-9D24A27597FC}.Release|x64.Build.0 = Release|x64
		{615B44E1-A490-4BD1-A0EE-9D24A27597FC}.Release|x86.ActiveCfg = Release|Win32
		{615B44E1-A490-4BD1-A0EE-9D24A27597FC}.Release|x86.Build.0 = Release|Win32
		{266E8CD3-9D9C-4CD0-80B3-899B4BADCD9A}.Debug|Any CPU.ActiveCfg = Debug|Win32
		{266E8CD3-9D9C-4CD0-80B3-899B4BADCD9A}.Debug|x64.ActiveCfg = Debug|x64
		{266E8CD3-9D9C-4CD0-80B3-899B4BADCD9A}.Debug|x64.Build.0 = Debug|x64
		{266E8CD3-9D9C-4CD0-80B3-899B4BADCD9A}.Debug|x86.ActiveCfg = Debug|Win32
		{266E8CD3-9D9C-4CD0-80B3-899B4BADCD9A}.Debug|x86.Build.0 = Debug|Win32
		{266E8CD3-9D9C-4CD0-80B3-899B4BADCD9A}.Release|Any CPU.ActiveCfg = Release|Win32
		{266E8CD3-9D9C-4CD0-80B3-899B4BADCD9A}.Release|x64.ActiveCfg = Release|x64
		{266E8CD3-9D9C-4CD0-80B3-899B4BADCD9A}.Release|x64.Build.0 = Release|x64
		{266E8CD3-9D9C-4CD0-80B3-899B4BADCD9A}.Release|x86.ActiveCfg = Release|Win32
		{266E8CD3-9D9C-4CD0-80B3-899B4BADCD9A}.Release|x86.Build.0 = Release|Win32
	EndGlobalSection
	GlobalSection(SolutionProperties) = preSolution
		HideSolutionNode = FALSE
	EndGlobalSection
	GlobalSection(ExtensibilityGlobals) = postSolution
		SolutionGuid = {8CE156FA-CDF0-4BE7-8E0E-3CC3AA82746A}
	EndGlobalSection
EndGlobal
